# THIS IS AN AUTOGENERATED FILE. DO NOT EDIT THIS FILE DIRECTLY.
# yarn lockfile v1


"7zip-bin@^5.2.0":
  version "5.2.0"
  resolved "https://registry.yarnpkg.com/7zip-bin/-/7zip-bin-5.2.0.tgz#7a03314684dd6572b7dfa89e68ce31d60286854d"
  integrity sha512-ukTPVhqG4jNzMro2qA9HSCSSVJN3aN7tlb+hfqYCt3ER0yWroeA2VR38MNrOHLQ/cVj+DaIMad0kFCtWWowh/A==

debug@^4.3.2:
  version "4.3.4"
  resolved "https://registry.yarnpkg.com/debug/-/debug-4.3.4.tgz#1319f6579357f2338d3337d2cdd4914bb5dcc865"
  integrity sha512-PRWFHuSU3eDtQJPvnNY7Jcket1j0t5OuOsFzPPzsekD52Zl8qUfFIPEiswXqIvHWGVHOgX+7G/vCNNhehwxfkQ==
  dependencies:
    ms "2.1.2"

lodash.defaultsdeep@^4.6.1:
  version "4.6.1"
  resolved "https://registry.yarnpkg.com/lodash.defaultsdeep/-/lodash.defaultsdeep-4.6.1.tgz#512e9bd721d272d94e3d3a63653fa17516741ca6"
  integrity sha512-3j8wdDzYuWO3lM3Reg03MuQR957t287Rpcxp1njpEa8oDrikb+FwGdW3n+FELh/A6qib6yPit0j/pv9G/yeAqA==

lodash.defaultto@^4.14.0:
  version "4.14.0"
  resolved "https://registry.yarnpkg.com/lodash.defaultto/-/lodash.defaultto-4.14.0.tgz#38bd3d425acee733e0e2bbbd4e4b29711cc2ee11"
  integrity sha512-G6tizqH6rg4P5j32Wy4Z3ZIip7OfG8YWWlPFzUFGcYStH1Ld0l1tWs6NevEQNEDnO1M3NZYjuHuraaFSN5WqeQ==

lodash.flattendeep@^4.4.0:
  version "4.4.0"
  resolved "https://registry.yarnpkg.com/lodash.flattendeep/-/lodash.flattendeep-4.4.0.tgz#fb030917f86a3134e5bc9bec0d69e0013ddfedb2"
  integrity sha512-uHaJFihxmJcEX3kT4I23ABqKKalJ/zDrDg0lsFtc1h+3uw49SIJ5beyhx5ExVRti3AvKoOJngIj7xz3oylPdWQ==

lodash.isempty@^4.4.0:
  version "4.4.0"
  resolved "https://registry.yarnpkg.com/lodash.isempty/-/lodash.isempty-4.4.0.tgz#6f86cbedd8be4ec987be9aaf33c9684db1b31e7e"
  integrity sha512-oKMuF3xEeqDltrGMfDxAPGIVMSSRv8tbRSODbrs4KGsRRLEhrW8N8Rd4DRgB2+621hY8A8XwwrTVhXWpxFvMzg==

lodash.negate@^3.0.2:
  version "3.0.2"
  resolved "https://registry.yarnpkg.com/lodash.negate/-/lodash.negate-3.0.2.tgz#9c897b0bf610019e0b43b8ff3f0afef3d7b66f34"
  integrity sha512-JGJYYVslKYC0tRMm/7igfdHulCjoXjoganRNWM8AgS+RXfOvFnPkOveDhPI65F9aAypCX9QEEQoBqWf7Q6uAeA==

ms@2.1.2:
  version "2.1.2"
  resolved "https://registry.yarnpkg.com/ms/-/ms-2.1.2.tgz#d09d1f357b443f493382a8eb3ccd183872ae6009"
  integrity sha512-sGkPx+VjMtmA6MX27oA4FBFELFCZZ4S4XqeGOXCv68tT+jb3vk/RyaKWP0PTKyWtmLSM0b+adUTEvbs1PEaH2w==

nanoid@^3.3.4:
  version "3.3.4"
  resolved "https://registry.yarnpkg.com/nanoid/-/nanoid-3.3.4.tgz#730b67e3cd09e2deacf03c027c81c9d9dbc5e8ab"
  integrity sha512-MqBkQh/OHTS2egovRtLk45wEyNXwF+cokD+1YPf9u5VfJiRdAiRwB2froX5Co9Rh20xs4siNPm8naNotSD6RBw==

node-7z@^3.0.0:
  version "3.0.0"
  resolved "https://registry.yarnpkg.com/node-7z/-/node-7z-3.0.0.tgz#42f71c5a43b00028749f7c88291a7abf2e2623e3"
  integrity sha512-KIznWSxIkOYO/vOgKQfJEaXd7rgoFYKZbaurainCEdMhYc7V7mRHX+qdf2HgbpQFcdJL/Q6/XOPrDLoBeTfuZA==
  dependencies:
    debug "^4.3.2"
    lodash.defaultsdeep "^4.6.1"
    lodash.defaultto "^4.14.0"
    lodash.flattendeep "^4.4.0"
    lodash.isempty "^4.4.0"
    lodash.negate "^3.0.2"
    normalize-path "^3.0.0"

normalize-path@^3.0.0:
  version "3.0.0"
  resolved "https://registry.yarnpkg.com/normalize-path/-/normalize-path-3.0.0.tgz#0dcd69ff23a1c9b11fd0978316644a0388216a65"
  integrity sha512-6eZs5Ls3WtCisHWp9S2GUy8dqkpGi4BVSz3GaqiE6ezub0512ESztXUwUB6C6IKbQkY2Pnb/mD4WYojCRwcwLA==

pad-left@^2.1.0:
  version "2.1.0"
  resolved "https://registry.yarnpkg.com/pad-left/-/pad-left-2.1.0.tgz#16e6a3b2d44a8e138cb0838cc7cb403a4fc9e994"
  integrity sha512-HJxs9K9AztdIQIAIa/OIazRAUW/L6B9hbQDxO4X07roW3eo9XqZc2ur9bn1StH9CnbbI9EgvejHQX7CBpCF1QA==
  dependencies:
    repeat-string "^1.5.4"

repeat-string@^1.5.4:
  version "1.6.1"
  resolved "https://registry.yarnpkg.com/repeat-string/-/repeat-string-1.6.1.tgz#8dcae470e1c88abc2d600fff4a776286da75e637"
  integrity sha512-PV0dzCYDNfRi1jCDbJzpW7jNNDRuCOG/jI5ctQcGKt/clZD+YcPS3yIlWuTJMmESC8aevCFmWJy5wjAFgNqN6w==
